lockfileVersion: 5.4

specifiers:
  '@types/node': ^18.11.9
  typescipt: ^1.0.0
  typescript: ^4.8.4

dependencies:
  typescript: 4.8.4

devDependencies:
  '@types/node': 18.11.9
  typescipt: 1.0.0

packages:

  /@types/node/18.11.9:
    resolution: {integrity: sha512-CRpX21/kGdzjOpFsZSkcrXMGIBWMGNIHXXBVFSH+ggkftxg+XYP20TESbh+zFvFj3EQOl5byk0HTRn1IL6hbqg==}
    dev: true

  /typescipt/1.0.0:
    resolution: {integrity: sha512-Rgg7DtWh0c0oJPz2p48B0hlINIkE5zxU5i+dGctkoiKjIu6twl0HXWzoy+mvp9bQfLJGx70zYuN6GK0S/x5Kxw==}
    dev: true

  /typescript/4.8.4:
    resolution: {integrity: sha512-QCh+85mCy+h0IGff8r5XWzOVSbBO+KfeYrMQh7NJ58QujwcE22u+NUSmUxqF+un70P9GXKxa2HCNiTTMJknyjQ==}
    engines: {node: '>=4.2.0'}
    hasBin: true
    dev: false
